
Microsoft Visual Studio Solution File, Format Version 12.00
# Visual Studio Version 16
VisualStudioVersion = 16.0.30907.101
MinimumVisualStudioVersion = 10.0.40219.1
Project("{2150E333-8FDC-42A3-9474-1A3956D46DE8}") = "BLL", "BLL", "{96E7E584-342D-489C-87CD-C540269C0FF3}"
EndProject
Project("{2150E333-8FDC-42A3-9474-1A3956D46DE8}") = "DAL", "DAL", "{1B22E29F-7F61-4184-9E9E-2FBAF5CE633B}"
EndProject
Project("{2150E333-8FDC-42A3-9474-1A3956D46DE8}") = "Utility", "Utility", "{5364F02D-FD96-4206-85B8-3381F356BF32}"
EndProject
Project("{2150E333-8FDC-42A3-9474-1A3956D46DE8}") = "Web", "Web", "{E57C05AF-2935-4DB9-9407-90D9BB086F12}"
EndProject
Project("{2150E333-8FDC-42A3-9474-1A3956D46DE8}") = "API", "API", "{E3353D5D-E885-4D65-B337-E296A88ECF29}"
EndProject
Project("{FAE04EC0-301F-11D3-BF4B-00C04F79EFBC}") = "DGC.BLL", "DGC.BLL\DGC.BLL.csproj", "{2B565F40-D9E8-402A-AD78-FD3CEE9970B8}"
EndProject
Project("{FAE04EC0-301F-11D3-BF4B-00C04F79EFBC}") = "KBZ.DAL", "DGC.DAL\KBZ.DAL.csproj", "{76397254-EBCB-47EC-AC60-13DB64D8F887}"
EndProject
Project("{FAE04EC0-301F-11D3-BF4B-00C04F79EFBC}") = "KBZ.Utils", "DGC.Utils\KBZ.Utils.csproj", "{7876D8CE-46FF-4884-9F0E-ADA3C009A9CD}"
EndProject
Project("{FAE04EC0-301F-11D3-BF4B-00C04F79EFBC}") = "KBZ.Web", "DGC.Web\KBZ.Web.csproj", "{C8FCFE1C-FF2F-4391-9AD7-B647ED3E89BD}"
EndProject
Project("{FAE04EC0-301F-11D3-BF4B-00C04F79EFBC}") = "KBZ.CPMS.API", "DGC.KBZ.API\KBZ.CPMS.API.csproj", "{368A7847-BB4D-4A76-97B5-C19347551371}"
EndProject
Project("{FAE04EC0-301F-11D3-BF4B-00C04F79EFBC}") = "EmailSender", "EmailSender\EmailSender.csproj", "{F728C4BD-8EEB-476D-AC0B-D4BCFA98F975}"
EndProject
Global
	GlobalSection(SolutionConfigurationPlatforms) = preSolution
		Debug|Any CPU = Debug|Any CPU
		Debug|x86 = Debug|x86
		Release|Any CPU = Release|Any CPU
		Release|x86 = Release|x86
	EndGlobalSection
	GlobalSection(ProjectConfigurationPlatforms) = postSolution
		{2B565F40-D9E8-402A-AD78-FD3CEE9970B8}.Debug|Any CPU.ActiveCfg = Debug|Any CPU
		{2B565F40-D9E8-402A-AD78-FD3CEE9970B8}.Debug|Any CPU.Build.0 = Debug|Any CPU
		{2B565F40-D9E8-402A-AD78-FD3CEE9970B8}.Debug|x86.ActiveCfg = Debug|Any CPU
		{2B565F40-D9E8-402A-AD78-FD3CEE9970B8}.Debug|x86.Build.0 = Debug|Any CPU
		{2B565F40-D9E8-402A-AD78-FD3CEE9970B8}.Release|Any CPU.ActiveCfg = Release|Any CPU
		{2B565F40-D9E8-402A-AD78-FD3CEE9970B8}.Release|Any CPU.Build.0 = Release|Any CPU
		{2B565F40-D9E8-402A-AD78-FD3CEE9970B8}.Release|x86.ActiveCfg = Release|Any CPU
		{2B565F40-D9E8-402A-AD78-FD3CEE9970B8}.Release|x86.Build.0 = Release|Any CPU
		{76397254-EBCB-47EC-AC60-13DB64D8F887}.Debug|Any CPU.ActiveCfg = Debug|Any CPU
		{76397254-EBCB-47EC-AC60-13DB64D8F887}.Debug|Any CPU.Build.0 = Debug|Any CPU
		{76397254-EBCB-47EC-AC60-13DB64D8F887}.Debug|x86.ActiveCfg = Debug|Any CPU
		{76397254-EBCB-47EC-AC60-13DB64D8F887}.Debug|x86.Build.0 = Debug|Any CPU
		{76397254-EBCB-47EC-AC60-13DB64D8F887}.Release|Any CPU.ActiveCfg = Release|Any CPU
		{76397254-EBCB-47EC-AC60-13DB64D8F887}.Release|Any CPU.Build.0 = Release|Any CPU
		{76397254-EBCB-47EC-AC60-13DB64D8F887}.Release|x86.ActiveCfg = Release|Any CPU
		{76397254-EBCB-47EC-AC60-13DB64D8F887}.Release|x86.Build.0 = Release|Any CPU
		{7876D8CE-46FF-4884-9F0E-ADA3C009A9CD}.Debug|Any CPU.ActiveCfg = Debug|Any CPU
		{7876D8CE-46FF-4884-9F0E-ADA3C009A9CD}.Debug|Any CPU.Build.0 = Debug|Any CPU
		{7876D8CE-46FF-4884-9F0E-ADA3C009A9CD}.Debug|x86.ActiveCfg = Debug|Any CPU
		{7876D8CE-46FF-4884-9F0E-ADA3C009A9CD}.Debug|x86.Build.0 = Debug|Any CPU
		{7876D8CE-46FF-4884-9F0E-ADA3C009A9CD}.Release|Any CPU.ActiveCfg = Release|Any CPU
		{7876D8CE-46FF-4884-9F0E-ADA3C009A9CD}.Release|Any CPU.Build.0 = Release|Any CPU
		{7876D8CE-46FF-4884-9F0E-ADA3C009A9CD}.Release|x86.ActiveCfg = Release|Any CPU
		{7876D8CE-46FF-4884-9F0E-ADA3C009A9CD}.Release|x86.Build.0 = Release|Any CPU
		{C8FCFE1C-FF2F-4391-9AD7-B647ED3E89BD}.Debug|Any CPU.ActiveCfg = Debug|Any CPU
		{C8FCFE1C-FF2F-4391-9AD7-B647ED3E89BD}.Debug|Any CPU.Build.0 = Debug|Any CPU
		{C8FCFE1C-FF2F-4391-9AD7-B647ED3E89BD}.Debug|x86.ActiveCfg = Debug|Any CPU
		{C8FCFE1C-FF2F-4391-9AD7-B647ED3E89BD}.Debug|x86.Build.0 = Debug|Any CPU
		{C8FCFE1C-FF2F-4391-9AD7-B647ED3E89BD}.Release|Any CPU.ActiveCfg = Release|Any CPU
		{C8FCFE1C-FF2F-4391-9AD7-B647ED3E89BD}.Release|Any CPU.Build.0 = Release|Any CPU
		{C8FCFE1C-FF2F-4391-9AD7-B647ED3E89BD}.Release|x86.ActiveCfg = Release|Any CPU
		{C8FCFE1C-FF2F-4391-9AD7-B647ED3E89BD}.Release|x86.Build.0 = Release|Any CPU
		{368A7847-BB4D-4A76-97B5-C19347551371}.Debug|Any CPU.ActiveCfg = Debug|Any CPU
		{368A7847-BB4D-4A76-97B5-C19347551371}.Debug|Any CPU.Build.0 = Debug|Any CPU
		{368A7847-BB4D-4A76-97B5-C19347551371}.Debug|x86.ActiveCfg = Debug|Any CPU
		{368A7847-BB4D-4A76-97B5-C19347551371}.Debug|x86.Build.0 = Debug|Any CPU
		{368A7847-BB4D-4A76-97B5-C19347551371}.Release|Any CPU.ActiveCfg = Release|Any CPU
		{368A7847-BB4D-4A76-97B5-C19347551371}.Release|Any CPU.Build.0 = Release|Any CPU
		{368A7847-BB4D-4A76-97B5-C19347551371}.Release|x86.ActiveCfg = Release|Any CPU
		{368A7847-BB4D-4A76-97B5-C19347551371}.Release|x86.Build.0 = Release|Any CPU
		{F728C4BD-8EEB-476D-AC0B-D4BCFA98F975}.Debug|Any CPU.ActiveCfg = Debug|Any CPU
		{F728C4BD-8EEB-476D-AC0B-D4BCFA98F975}.Debug|Any CPU.Build.0 = Debug|Any CPU
		{F728C4BD-8EEB-476D-AC0B-D4BCFA98F975}.Debug|x86.ActiveCfg = Debug|Any CPU
		{F728C4BD-8EEB-476D-AC0B-D4BCFA98F975}.Debug|x86.Build.0 = Debug|Any CPU
		{F728C4BD-8EEB-476D-AC0B-D4BCFA98F975}.Release|Any CPU.ActiveCfg = Release|Any CPU
		{F728C4BD-8EEB-476D-AC0B-D4BCFA98F975}.Release|Any CPU.Build.0 = Release|Any CPU
		{F728C4BD-8EEB-476D-AC0B-D4BCFA98F975}.Release|x86.ActiveCfg = Release|Any CPU
		{F728C4BD-8EEB-476D-AC0B-D4BCFA98F975}.Release|x86.Build.0 = Release|Any CPU
	EndGlobalSection
	GlobalSection(SolutionProperties) = preSolution
		HideSolutionNode = FALSE
	EndGlobalSection
	GlobalSection(NestedProjects) = preSolution
		{2B565F40-D9E8-402A-AD78-FD3CEE9970B8} = {96E7E584-342D-489C-87CD-C540269C0FF3}
		{76397254-EBCB-47EC-AC60-13DB64D8F887} = {1B22E29F-7F61-4184-9E9E-2FBAF5CE633B}
		{7876D8CE-46FF-4884-9F0E-ADA3C009A9CD} = {5364F02D-FD96-4206-85B8-3381F356BF32}
		{C8FCFE1C-FF2F-4391-9AD7-B647ED3E89BD} = {E57C05AF-2935-4DB9-9407-90D9BB086F12}
		{368A7847-BB4D-4A76-97B5-C19347551371} = {E3353D5D-E885-4D65-B337-E296A88ECF29}
		{F728C4BD-8EEB-476D-AC0B-D4BCFA98F975} = {5364F02D-FD96-4206-85B8-3381F356BF32}
	EndGlobalSection
	GlobalSection(ExtensibilityGlobals) = postSolution
		SolutionGuid = {B5162E3B-0266-40EF-971F-1C136885FDE2}
	EndGlobalSection
EndGlobal
